
Microsoft Visual Studio Solution File, Format Version 12.00
# Visual Studio 14
VisualStudioVersion = 14.0.25420.1
MinimumVisualStudioVersion = 10.0.40219.1
Project("{FAE04EC0-301F-11D3-BF4B-00C04F79EFBC}") = "SystemForms", "SystemForms\SystemForms.csproj", "{81567BF4-5AB0-4924-9693-8535E66C23CE}"
EndProject
Project("{FAE04EC0-301F-11D3-BF4B-00C04F79EFBC}") = "BusinessLogic", "BusinessLogic\BusinessLogic.csproj", "{A48FCAE7-706E-478F-A4DD-FD96335961F3}"
EndProject
Project("{FAE04EC0-301F-11D3-BF4B-00C04F79EFBC}") = "DataAccess", "DataAccess\DataAccess.csproj", "{F0462034-FC74-4920-8CFF-27FBA015EBD6}"
EndProject
Project("{FAE04EC0-301F-11D3-BF4B-00C04F79EFBC}") = "TransferObjects", "TransferObjects\TransferObjects.csproj", "{A59184E4-4794-424D-B3FC-E81BCB736409}"
EndProject
Project("{6141683F-8A12-4E36-9623-2EB02B2C2303}") = "Instalacion", "Instalacion\Instalacion.isproj", "{51E2FDA9-7264-4AE5-BA5A-4C2594E5C509}"
	ProjectSection(ProjectDependencies) = postProject
		{81567BF4-5AB0-4924-9693-8535E66C23CE} = {81567BF4-5AB0-4924-9693-8535E66C23CE}
	EndProjectSection
EndProject
Global
	GlobalSection(SolutionConfigurationPlatforms) = preSolution
		CD_ROM|Any CPU = CD_ROM|Any CPU
		Debug|Any CPU = Debug|Any CPU
		DVD-5|Any CPU = DVD-5|Any CPU
		Release|Any CPU = Release|Any CPU
		SingleImage|Any CPU = SingleImage|Any CPU
	EndGlobalSection
	GlobalSection(ProjectConfigurationPlatforms) = postSolution
		{81567BF4-5AB0-4924-9693-8535E66C23CE}.CD_ROM|Any CPU.ActiveCfg = Release|Any CPU
		{81567BF4-5AB0-4924-9693-8535E66C23CE}.CD_ROM|Any CPU.Build.0 = Release|Any CPU
		{81567BF4-5AB0-4924-9693-8535E66C23CE}.Debug|Any CPU.ActiveCfg = Debug|Any CPU
		{81567BF4-5AB0-4924-9693-8535E66C23CE}.Debug|Any CPU.Build.0 = Debug|Any CPU
		{81567BF4-5AB0-4924-9693-8535E66C23CE}.DVD-5|Any CPU.ActiveCfg = Debug|Any CPU
		{81567BF4-5AB0-4924-9693-8535E66C23CE}.DVD-5|Any CPU.Build.0 = Debug|Any CPU
		{81567BF4-5AB0-4924-9693-8535E66C23CE}.Release|Any CPU.ActiveCfg = Release|Any CPU
		{81567BF4-5AB0-4924-9693-8535E66C23CE}.Release|Any CPU.Build.0 = Release|Any CPU
		{81567BF4-5AB0-4924-9693-8535E66C23CE}.SingleImage|Any CPU.ActiveCfg = Release|Any CPU
		{81567BF4-5AB0-4924-9693-8535E66C23CE}.SingleImage|Any CPU.Build.0 = Release|Any CPU
		{A48FCAE7-706E-478F-A4DD-FD96335961F3}.CD_ROM|Any CPU.ActiveCfg = Release|Any CPU
		{A48FCAE7-706E-478F-A4DD-FD96335961F3}.CD_ROM|Any CPU.Build.0 = Release|Any CPU
		{A48FCAE7-706E-478F-A4DD-FD96335961F3}.Debug|Any CPU.ActiveCfg = Debug|Any CPU
		{A48FCAE7-706E-478F-A4DD-FD96335961F3}.Debug|Any CPU.Build.0 = Debug|Any CPU
		{A48FCAE7-706E-478F-A4DD-FD96335961F3}.DVD-5|Any CPU.ActiveCfg = Debug|Any CPU
		{A48FCAE7-706E-478F-A4DD-FD96335961F3}.DVD-5|Any CPU.Build.0 = Debug|Any CPU
		{A48FCAE7-706E-478F-A4DD-FD96335961F3}.Release|Any CPU.ActiveCfg = Release|Any CPU
		{A48FCAE7-706E-478F-A4DD-FD96335961F3}.Release|Any CPU.Build.0 = Release|Any CPU
		{A48FCAE7-706E-478F-A4DD-FD96335961F3}.SingleImage|Any CPU.ActiveCfg = Release|Any CPU
		{A48FCAE7-706E-478F-A4DD-FD96335961F3}.SingleImage|Any CPU.Build.0 = Release|Any CPU
		{F0462034-FC74-4920-8CFF-27FBA015EBD6}.CD_ROM|Any CPU.ActiveCfg = Release|Any CPU
		{F0462034-FC74-4920-8CFF-27FBA015EBD6}.CD_ROM|Any CPU.Build.0 = Release|Any CPU
		{F0462034-FC74-4920-8CFF-27FBA015EBD6}.Debug|Any CPU.ActiveCfg = Debug|Any CPU
		{F0462034-FC74-4920-8CFF-27FBA015EBD6}.Debug|Any CPU.Build.0 = Debug|Any CPU
		{F0462034-FC74-4920-8CFF-27FBA015EBD6}.DVD-5|Any CPU.ActiveCfg = Debug|Any CPU
		{F0462034-FC74-4920-8CFF-27FBA015EBD6}.DVD-5|Any CPU.Build.0 = Debug|Any CPU
		{F0462034-FC74-4920-8CFF-27FBA015EBD6}.Release|Any CPU.ActiveCfg = Release|Any CPU
		{F0462034-FC74-4920-8CFF-27FBA015EBD6}.Release|Any CPU.Build.0 = Release|Any CPU
		{F0462034-FC74-4920-8CFF-27FBA015EBD6}.SingleImage|Any CPU.ActiveCfg = Release|Any CPU
		{F0462034-FC74-4920-8CFF-27FBA015EBD6}.SingleImage|Any CPU.Build.0 = Release|Any CPU
		{A59184E4-4794-424D-B3FC-E81BCB736409}.CD_ROM|Any CPU.ActiveCfg = Release|Any CPU
		{A59184E4-4794-424D-B3FC-E81BCB736409}.CD_ROM|Any CPU.Build.0 = Release|Any CPU
		{A59184E4-4794-424D-B3FC-E81BCB736409}.Debug|Any CPU.ActiveCfg = Debug|Any CPU
		{A59184E4-4794-424D-B3FC-E81BCB736409}.Debug|Any CPU.Build.0 = Debug|Any CPU
		{A59184E4-4794-424D-B3FC-E81BCB736409}.DVD-5|Any CPU.ActiveCfg = Debug|Any CPU
		{A59184E4-4794-424D-B3FC-E81BCB736409}.DVD-5|Any CPU.Build.0 = Debug|Any CPU
		{A59184E4-4794-424D-B3FC-E81BCB736409}.Release|Any CPU.ActiveCfg = Release|Any CPU
		{A59184E4-4794-424D-B3FC-E81BCB736409}.Release|Any CPU.Build.0 = Release|Any CPU
		{A59184E4-4794-424D-B3FC-E81BCB736409}.SingleImage|Any CPU.ActiveCfg = Release|Any CPU
		{A59184E4-4794-424D-B3FC-E81BCB736409}.SingleImage|Any CPU.Build.0 = Release|Any CPU
		{51E2FDA9-7264-4AE5-BA5A-4C2594E5C509}.CD_ROM|Any CPU.ActiveCfg = CD_ROM
		{51E2FDA9-7264-4AE5-BA5A-4C2594E5C509}.CD_ROM|Any CPU.Build.0 = CD_ROM
		{51E2FDA9-7264-4AE5-BA5A-4C2594E5C509}.Debug|Any CPU.ActiveCfg = DVD-5
		{51E2FDA9-7264-4AE5-BA5A-4C2594E5C509}.Debug|Any CPU.Build.0 = DVD-5
		{51E2FDA9-7264-4AE5-BA5A-4C2594E5C509}.DVD-5|Any CPU.ActiveCfg = DVD-5
		{51E2FDA9-7264-4AE5-BA5A-4C2594E5C509}.DVD-5|Any CPU.Build.0 = DVD-5
		{51E2FDA9-7264-4AE5-BA5A-4C2594E5C509}.Release|Any CPU.ActiveCfg = SingleImage
		{51E2FDA9-7264-4AE5-BA5A-4C2594E5C509}.Release|Any CPU.Build.0 = SingleImage
		{51E2FDA9-7264-4AE5-BA5A-4C2594E5C509}.SingleImage|Any CPU.ActiveCfg = SingleImage
		{51E2FDA9-7264-4AE5-BA5A-4C2594E5C509}.SingleImage|Any CPU.Build.0 = SingleImage
	EndGlobalSection
	GlobalSection(SolutionProperties) = preSolution
		HideSolutionNode = FALSE
	EndGlobalSection
EndGlobal
